
Microsoft Visual Studio Solution File, Format Version 12.00
# Visual Studio Version 16
VisualStudioVersion = 16.0.30611.23
MinimumVisualStudioVersion = 10.0.40219.1
Project("{9A19103F-16F7-4668-BE54-9A1E7A4F7556}") = "CartApp", "CartApp.csproj", "{FB08D9C7-CD2C-4877-B156-A4AE3BB7C7BE}"
EndProject
Global
	GlobalSection(SolutionConfigurationPlatforms) = preSolution
		Debug|Any CPU = Debug|Any CPU
		Release|Any CPU = Release|Any CPU
	EndGlobalSection
	GlobalSection(ProjectConfigurationPlatforms) = postSolution
		{FB08D9C7-CD2C-4877-B156-A4AE3BB7C7BE}.Debug|Any CPU.ActiveCfg = Debug|Any CPU
		{FB08D9C7-CD2C-4877-B156-A4AE3BB7C7BE}.Debug|Any CPU.Build.0 = Debug|Any CPU
		{FB08D9C7-CD2C-4877-B156-A4AE3BB7C7BE}.Release|Any CPU.ActiveCfg = Release|Any CPU
		{FB08D9C7-CD2C-4877-B156-A4AE3BB7C7BE}.Release|Any CPU.Build.0 = Release|Any CPU
	EndGlobalSection
	GlobalSection(SolutionProperties) = preSolution
		HideSolutionNode = FALSE
	EndGlobalSection
	GlobalSection(ExtensibilityGlobals) = postSolution
		SolutionGuid = {86C879D8-99D0-4D8A-BD03-9D15C88B7D33}
	EndGlobalSection
EndGlobal
